{
  "name": "xrp-mnemonic-recovery",
  "lockfileVersion": 3,
  "requires": true,
  "packages": {
    "": {
      "name": "xrp-mnemonic-recovery",
      "dependencies": {
        "bip39": "^2.5.0",
        "ripple-bip32": "0.0.3",
        "ripple-keypairs": "^1.3.0"
      }
    },
    "node_modules/base-x": {
      "version": "3.0.9",
      "resolved": "https://registry.npmjs.org/base-x/-/base-x-3.0.9.tgz",
      "integrity": "sha512-H7JU6iBHTal1gp56aKoaa//YUxEaAOUiydvrV/pILqIHXTtqxSkATOnDA2u+jZ/61sD+L/412+7kzXRtWukhpQ==",
      "dependencies": {
        "safe-buffer": "^5.0.1"
      }
    },
    "node_modules/bigi": {
      "version": "1.4.2",
      "resolved": "https://registry.npmjs.org/bigi/-/bigi-1.4.2.tgz",
      "integrity": "sha1-nGZalfiLiwj8Bc/XMfVhhZ1yWCU="
    },
    "node_modules/bip39": {
      "version": "2.5.0",
      "resolved": "https://registry.npmjs.org/bip39/-/bip39-2.5.0.tgz",
      "integrity": "sha512-xwIx/8JKoT2+IPJpFEfXoWdYwP7UVAoUxxLNfGCfVowaJE7yg1Y5B1BVPqlUNsBq5/nGwmFkwRJ8xDW4sX8OdA==",
      "dependencies": {
        "create-hash": "^1.1.0",
        "pbkdf2": "^3.0.9",
        "randombytes": "^2.0.1",
        "safe-buffer": "^5.0.1",
        "unorm": "^1.3.3"
      }
    },
    "node_modules/bip66": {
      "version": "1.1.5",
      "resolved": "https://registry.npmjs.org/bip66/-/bip66-1.1.5.tgz",
      "integrity": "sha1-AfqHSHhcpwlV1QESF9GzE5lpyiI=",
      "dependencies": {
        "safe-buffer": "^5.0.1"
      }
    },
    "node_modules/bn.js": {
      "version": "5.2.1",
      "resolved": "https://registry.npmjs.org/bn.js/-/bn.js-5.2.1.tgz",
      "integrity": "sha512-eXRvHzWyYPBuB4NBy0cmYQjGitUrtqwbvlzP3G6VFnNRbsZQIxQ10PbKKHt8gZ/HW/D/747aDl+QkDqg3KQLMQ=="
    },
    "node_modules/brorand": {
      "version": "1.1.0",
      "resolved": "https://registry.npmjs.org/brorand/-/brorand-1.1.0.tgz",
      "integrity": "sha512-cKV8tMCEpQs4hK/ik71d6LrPOnpkpGBR0wzxqr68g2m/LB2GxVYQroAjMJZRVM1Y4BCjCKc3vAamxSzOY2RP+w=="
    },
    "node_modules/bs58": {
      "version": "4.0.1",
      "resolved": "https://registry.npmjs.org/bs58/-/bs58-4.0.1.tgz",
      "integrity": "sha1-vhYedsNU9veIrkBx9j806MTwpCo=",
      "dependencies": {
        "base-x": "^3.0.2"
      }
    },
    "node_modules/bs58check": {
      "version": "2.1.1",
      "resolved": "https://registry.npmjs.org/bs58check/-/bs58check-2.1.1.tgz",
      "integrity": "sha512-okRQiWc5FJuA2VOwQ1hB7Sf0MyEFg/EwRN12h4b8HrJoGkZ3xq1CGjkaAfYloLcZyqixQnO5mhPpN6IcHSplVg==",
      "dependencies": {
        "bs58": "^4.0.0",
        "create-hash": "^1.1.0"
      }
    },
    "node_modules/cipher-base": {
      "version": "1.0.4",
      "resolved": "https://registry.npmjs.org/cipher-base/-/cipher-base-1.0.4.tgz",
      "integrity": "sha512-Kkht5ye6ZGmwv40uUDZztayT2ThLQGfnj/T71N/XzeZeo3nf8foyW7zGTsPYkEya3m5f3cAypH+qe7YOrM1U2Q==",
      "dependencies": {
        "inherits": "^2.0.1",
        "safe-buffer": "^5.0.1"
      }
    },
    "node_modules/create-hash": {
      "version": "1.2.0",
      "resolved": "https://registry.npmjs.org/create-hash/-/create-hash-1.2.0.tgz",
      "integrity": "sha512-z00bCGNHDG8mHAkP7CtT1qVu+bFQUPjYq/4Iv3C3kWjTFV10zIjfSoeqXo9Asws8gwSHDGj/hl2u4OGIjapeCg==",
      "dependencies": {
        "cipher-base": "^1.0.1",
        "inherits": "^2.0.1",
        "md5.js": "^1.3.4",
        "ripemd160": "^2.0.1",
        "sha.js": "^2.4.0"
      }
    },
    "node_modules/create-hmac": {
      "version": "1.1.7",
      "resolved": "https://registry.npmjs.org/create-hmac/-/create-hmac-1.1.7.tgz",
      "integrity": "sha512-MJG9liiZ+ogc4TzUwuvbER1JRdgvUFSB5+VR/g5h82fGaIRWMWddtKBHi7/sVhfjQZ6SehlyhvQYrcYkaUIpLg==",
      "dependencies": {
        "cipher-base": "^1.0.3",
        "create-hash": "^1.1.0",
        "inherits": "^2.0.1",
        "ripemd160": "^2.0.0",
        "safe-buffer": "^5.0.1",
        "sha.js": "^2.4.8"
      }
    },
    "node_modules/ecurve": {
      "version": "1.0.6",
      "resolved": "https://registry.npmjs.org/ecurve/-/ecurve-1.0.6.tgz",
      "integrity": "sha512-/BzEjNfiSuB7jIWKcS/z8FK9jNjmEWvUV2YZ4RLSmcDtP7Lq0m6FvDuSnJpBlDpGRpfRQeTLGLBI8H+kEv0r+w==",
      "dependencies": {
        "bigi": "^1.1.0",
        "safe-buffer": "^5.0.1"
      }
    },
    "node_modules/elliptic": {
      "version": "6.5.4",
      "resolved": "https://registry.npmjs.org/elliptic/-/elliptic-6.5.4.tgz",
      "integrity": "sha512-iLhC6ULemrljPZb+QutR5TQGB+pdW6KGD5RSegS+8sorOZT+rdQFbsQFJgvN3eRqNALqJer4oQ16YvJHlU8hzQ==",
      "dependencies": {
        "bn.js": "^4.11.9",
        "brorand": "^1.1.0",
        "hash.js": "^1.0.0",
        "hmac-drbg": "^1.0.1",
        "inherits": "^2.0.4",
        "minimalistic-assert": "^1.0.1",
        "minimalistic-crypto-utils": "^1.0.1"
      }
    },
    "node_modules/elliptic/node_modules/bn.js": {
      "version": "4.12.0",
      "resolved": "https://registry.npmjs.org/bn.js/-/bn.js-4.12.0.tgz",
      "integrity": "sha512-c98Bf3tPniI+scsdk237ku1Dc3ujXQTSgyiPUDEOe7tRkhrqridvh8klBv0HCEso1OLOYcHuCv/cS6DNxKH+ZA=="
    },
    "node_modules/hash-base": {
      "version": "3.0.4",
      "resolved": "https://registry.npmjs.org/hash-base/-/hash-base-3.0.4.tgz",
      "integrity": "sha1-X8hoaEfs1zSZQDMZprCj8/auSRg=",
      "dependencies": {
        "inherits": "^2.0.1",
        "safe-buffer": "^5.0.1"
      },
      "engines": {
        "node": ">=4"
      }
    },
    "node_modules/hash.js": {
      "version": "1.1.7",
      "resolved": "https://registry.npmjs.org/hash.js/-/hash.js-1.1.7.tgz",
      "integrity": "sha512-taOaskGt4z4SOANNseOviYDvjEJinIkRgmp7LbKP2YTTmVxWBl87s/uzK9r+44BclBSp2X7K1hqeNfz9JbBeXA==",
      "dependencies": {
        "inherits": "^2.0.3",
        "minimalistic-assert": "^1.0.1"
      }
    },
    "node_modules/hmac-drbg": {
      "version": "1.0.1",
      "resolved": "https://registry.npmjs.org/hmac-drbg/-/hmac-drbg-1.0.1.tgz",
      "integrity": "sha512-Tti3gMqLdZfhOQY1Mzf/AanLiqh1WTiJgEj26ZuYQ9fbkLomzGchCws4FyrSd4VkpBfiNhaE1On+lOz894jvXg==",
      "dependencies": {
        "hash.js": "^1.0.3",
        "minimalistic-assert": "^1.0.0",
        "minimalistic-crypto-utils": "^1.0.1"
      }
    },
    "node_modules/inherits": {
      "version": "2.0.4",
      "resolved": "https://registry.npmjs.org/inherits/-/inherits-2.0.4.tgz",
      "integrity": "sha512-k/vGaX4/Yla3WzyMCvTQOXYeIHvqOKtnqBduzTHpzpQZzAskKMhZ2K+EnBiSM9zGSoIFeMpXKxa4dYeZIQqewQ=="
    },
    "node_modules/md5.js": {
      "version": "1.3.4",
      "resolved": "https://registry.npmjs.org/md5.js/-/md5.js-1.3.4.tgz",
      "integrity": "sha1-6b296UogpawYsENA/Fdk1bCdkB0=",
      "dependencies": {
        "hash-base": "^3.0.0",
        "inherits": "^2.0.1"
      }
    },
    "node_modules/minimalistic-assert": {
      "version": "1.0.1",
      "resolved": "https://registry.npmjs.org/minimalistic-assert/-/minimalistic-assert-1.0.1.tgz",
      "integrity": "sha512-UtJcAD4yEaGtjPezWuO9wC4nwUnVH/8/Im3yEHQP4b67cXlD/Qr9hdITCU1xDbSEXg2XKNaP8jsReV7vQd00/A=="
    },
    "node_modules/minimalistic-crypto-utils": {
      "version": "1.0.1",
      "resolved": "https://registry.npmjs.org/minimalistic-crypto-utils/-/minimalistic-crypto-utils-1.0.1.tgz",
      "integrity": "sha512-JIYlbt6g8i5jKfJ3xz7rF0LXmv2TkDxBLUkiBeZ7bAx4GnnNMr8xFpGnOxn6GhTEHx3SjRrZEoU+j04prX1ktg=="
    },
    "node_modules/pbkdf2": {
      "version": "3.0.16",
      "resolved": "https://registry.npmjs.org/pbkdf2/-/pbkdf2-3.0.16.tgz",
      "integrity": "sha512-y4CXP3thSxqf7c0qmOF+9UeOTrifiVTIM+u7NWlq+PRsHbr7r7dpCmvzrZxa96JJUNi0Y5w9VqG5ZNeCVMoDcA==",
      "dependencies": {
        "create-hash": "^1.1.2",
        "create-hmac": "^1.1.4",
        "ripemd160": "^2.0.1",
        "safe-buffer": "^5.0.1",
        "sha.js": "^2.4.8"
      },
      "engines": {
        "node": ">=0.12"
      }
    },
    "node_modules/randombytes": {
      "version": "2.0.6",
      "resolved": "https://registry.npmjs.org/randombytes/-/randombytes-2.0.6.tgz",
      "integrity": "sha512-CIQ5OFxf4Jou6uOKe9t1AOgqpeU5fd70A8NPdHSGeYXqXsPe6peOwI0cUl88RWZ6sP1vPMV3avd/R6cZ5/sP1A==",
      "dependencies": {
        "safe-buffer": "^5.1.0"
      }
    },
    "node_modules/ripemd160": {
      "version": "2.0.2",
      "resolved": "https://registry.npmjs.org/ripemd160/-/ripemd160-2.0.2.tgz",
      "integrity": "sha512-ii4iagi25WusVoiC4B4lq7pbXfAp3D9v5CwfkY33vffw2+pkDjY1D8GaN7spsxvCSx8dkPqOZCEZyfxcmJG2IA==",
      "dependencies": {
        "hash-base": "^3.0.0",
        "inherits": "^2.0.1"
      }
    },
    "node_modules/ripple-address-codec": {
      "version": "4.3.0",
      "resolved": "https://registry.npmjs.org/ripple-address-codec/-/ripple-address-codec-4.3.0.tgz",
      "integrity": "sha512-Tvd81i7hpDmNqHvkj6iYlj8Tv3I1Romw5gfjni9eacewJvGV2xe+p2y0FAw39z72qfciRMhQyHvpnviBcWVBNw==",
      "dependencies": {
        "base-x": "^3.0.9",
        "create-hash": "^1.1.2"
      },
      "engines": {
        "node": ">= 10"
      }
    },
    "node_modules/ripple-bip32": {
      "version": "0.0.3",
      "resolved": "https://registry.npmjs.org/ripple-bip32/-/ripple-bip32-0.0.3.tgz",
      "integrity": "sha512-6Ib9MmDOG1AMNcwOb1kVDy2HKPu/tbKuW8+Glby8FrMNI1x58OWEYOEdqYZ55V5aHnexY7qkwDZ5x4rcdcz52A==",
      "dependencies": {
        "bigi": "^1.4.0",
        "bip66": "^1.1.0",
        "bs58check": "^2.0.0",
        "create-hash": "^1.1.0",
        "create-hmac": "^1.1.3",
        "ecurve": "^1.0.0",
        "randombytes": "^2.0.1",
        "ripple-bs58check": "^2.0.0",
        "safe-buffer": "^5.0.1",
        "typeforce": "^1.8.7",
        "wif": "^2.0.1"
      }
    },
    "node_modules/ripple-bs58": {
      "version": "4.0.1",
      "resolved": "https://registry.npmjs.org/ripple-bs58/-/ripple-bs58-4.0.1.tgz",
      "integrity": "sha512-qV88Ls19OIcTt5e70Helj9aLfuFA1f9HLv1EfUGqMXOLgJhpotzfdcn+rXo9oYHd31BvPT/q64BuRKP5IEM+AA==",
      "dependencies": {
        "base-x": "^3.0.2"
      }
    },
    "node_modules/ripple-bs58check": {
      "version": "2.0.2",
      "resolved": "https://registry.npmjs.org/ripple-bs58check/-/ripple-bs58check-2.0.2.tgz",
      "integrity": "sha512-clZI2ytGYs3st8yz66EFfyXs5ZpHQjL/Y2txXUPkzj5bjwgODXFO7Ms0tuUj6aFek/NKk8dsqxUmQsPjmsBrwg==",
      "dependencies": {
        "create-hash": "^1.1.0",
        "ripple-bs58": "^4.0.0"
      }
    },
    "node_modules/ripple-keypairs": {
      "version": "1.3.0",
      "resolved": "https://registry.npmjs.org/ripple-keypairs/-/ripple-keypairs-1.3.0.tgz",
      "integrity": "sha512-LzM3Up9Pwz3dYqnczzNptimN3AxtjeGbDGeiOzREzbkslKiZcJ615b/ghBN4H23SC6W1GAL95juEzzimDi4THw==",
      "dependencies": {
        "bn.js": "^5.1.1",
        "brorand": "^1.0.5",
        "elliptic": "^6.5.4",
        "hash.js": "^1.0.3",
        "ripple-address-codec": "^4.3.0"
      },
      "engines": {
        "node": ">= 10"
      }
    },
    "node_modules/safe-buffer": {
      "version": "5.1.2",
      "resolved": "https://registry.npmjs.org/safe-buffer/-/safe-buffer-5.1.2.tgz",
      "integrity": "sha512-Gd2UZBJDkXlY7GbJxfsE8/nvKkUEU1G38c1siN6QP6a9PT9MmHB8GnpscSmMJSoF8LOIrt8ud/wPtojys4G6+g=="
    },
    "node_modules/sha.js": {
      "version": "2.4.11",
      "resolved": "https://registry.npmjs.org/sha.js/-/sha.js-2.4.11.tgz",
      "integrity": "sha512-QMEp5B7cftE7APOjk5Y6xgrbWu+WkLVQwk8JNjZ8nKRciZaByEW6MubieAiToS7+dwvrjGhH8jRXz3MVd0AYqQ==",
      "dependencies": {
        "inherits": "^2.0.1",
        "safe-buffer": "^5.0.1"
      },
      "bin": {
        "sha.js": "bin.js"
      }
    },
    "node_modules/typeforce": {
      "version": "1.12.0",
      "resolved": "https://registry.npmjs.org/typeforce/-/typeforce-1.12.0.tgz",
      "integrity": "sha512-fvnkvueAOFLhtAqDgIA/wMP21SMwS/NQESFKZuwVrj5m/Ew6eK2S0z0iB++cwtROPWDOhaT6OUfla8UwMw4Adg=="
    },
    "node_modules/unorm": {
      "version": "1.4.1",
      "resolved": "https://registry.npmjs.org/unorm/-/unorm-1.4.1.tgz",
      "integrity": "sha1-NkIA1fE2RsqLzURJAnEzVhR5IwA=",
      "engines": {
        "node": ">= 0.4.0"
      }
    },
    "node_modules/wif": {
      "version": "2.0.6",
      "resolved": "https://registry.npmjs.org/wif/-/wif-2.0.6.tgz",
      "integrity": "sha1-CNP1IFbGZnkplyb63g1DKudLRwQ=",
      "dependencies": {
        "bs58check": "<3.0.0"
      }
    }
  }
}
